github.com/bbredesen/gltf v0.0.0-20230304155607-fc029d20508e h1:ofmFTAIEaznp2VW8CiXe4K/AifmSV1VJMY/MtguhCd8=
github.com/bbredesen/gltf v0.0.0-20230304155607-fc029d20508e/go.mod h1:aBVPYcZqshbMgvoaO7xsqR10PsVQD3+jv3+k4AHKcOk=
github.com/bbredesen/go-vk v0.0.0-20230304041510-33ed978b8bfd h1:agTiFMkm9KWjsSnnCgRIOCrVScGQCFB7ePPyjIqcotA=
github.com/bbredesen/go-vk v0.0.0-20230304041510-33ed978b8bfd/go.mod h1:l9a11qk7n4n9II8cpccUG2JwtxOq9O6py5ixRnbFE2c=
github.com/bbredesen/vkm v0.2.1 h1:/3Hr6gLcSMp5KVnqzQ6XGhWOQj+CVAkAfDttFEXv/98=
github.com/bbredesen/vkm v0.2.1/go.mod h1:MjhNAnfvgNbTyBhXOmJXvExlWa216q5BqQJFQT8W9Vg=
github.com/bbredesen/vkm v0.2.2 h1:TGhJruX9z0uAE3AONRIbYacimesUmFccnw68Q/GjYnw=
github.com/bbredesen/vkm v0.2.2/go.mod h1:MjhNAnfvgNbTyBhXOmJXvExlWa216q5BqQJFQT8W9Vg=
github.com/bbredesen/win32-toolkit v0.0.0-20230303234304-25b01e7ba2d4 h1:kj14+i2faiHjz4Mxz2MOg2UgDHvEcXN8ju/nKuYfl30=
github.com/bbredesen/win32-toolkit v0.0.0-20230303234304-25b01e7ba2d4/go.mod h1:wEi6ExDDyZomN3ok31e3Y5TY7JpMlv99SQImmcCOe2M=
github.com/chewxy/math32 v1.10.1 h1:LFpeY0SLJXeaiej/eIp2L40VYfscTvKh/FSEZ68uMkU=
github.com/chewxy/math32 v1.10.1/go.mod h1:dOB2rcuFrCn6UHrze36WSLVPKtzPMRAQvBvUwkSsLqs=
github.com/udhos/gwob v0.0.0-20200524213453-619810f75817 h1:4M105Yb9NHJ/sI3xAS3WbXt4d09q940504X5zE5JM7s=
github.com/udhos/gwob v0.0.0-20200524213453-619810f75817/go.mod h1:kOhibXY50yGPKNcoFg+KDoC4hGzyJ6YX0wfKHhThntk=
golang.org/x/sys v0.0.0-20200909081042-eff7692f9009/go.mod h1:h1NjWce9XRLGQEsW7wpKNCjG9DtNlClVuFLEZdDNbEs=
golang.org/x/sys v0.6.0 h1:MVltZSvRTcU2ljQOhs94SXPftV6DCNnZViHeQps87pQ=
golang.org/x/sys v0.6.0/go.mod h1:oPkhp1MJrh7nUepCBck5+mAzfO9JrbApNNgaTdGDITg=
